
Microsoft Visual Studio Solution File, Format Version 12.00
# Visual Studio Version 17
VisualStudioVersion = 17.9.34701.34
MinimumVisualStudioVersion = 10.0.40219.1
Project("{FAE04EC0-301F-11D3-BF4B-00C04F79EFBC}") = "ClientGUI", "ClientGUI\ClientGUI.csproj", "{336888F3-F2D5-4170-9176-E9A7A7B20DF6}"
EndProject
Global
	GlobalSection(SolutionConfigurationPlatforms) = preSolution
		Debug|Any CPU = Debug|Any CPU
		Release|Any CPU = Release|Any CPU
	EndGlobalSection
	GlobalSection(ProjectConfigurationPlatforms) = postSolution
		{336888F3-F2D5-4170-9176-E9A7A7B20DF6}.Debug|Any CPU.ActiveCfg = Debug|Any CPU
		{336888F3-F2D5-4170-9176-E9A7A7B20DF6}.Debug|Any CPU.Build.0 = Debug|Any CPU
		{336888F3-F2D5-4170-9176-E9A7A7B20DF6}.Release|Any CPU.ActiveCfg = Release|Any CPU
		{336888F3-F2D5-4170-9176-E9A7A7B20DF6}.Release|Any CPU.Build.0 = Release|Any CPU
	EndGlobalSection
	GlobalSection(SolutionProperties) = preSolution
		HideSolutionNode = FALSE
	EndGlobalSection
	GlobalSection(ExtensibilityGlobals) = postSolution
		SolutionGuid = {1C6B6FDB-276D-4D20-9C7C-97383465FAAE}
	EndGlobalSection
EndGlobal
